
Microsoft Visual Studio Solution File, Format Version 12.00
# Visual Studio Version 17
VisualStudioVersion = 17.8.34525.116
MinimumVisualStudioVersion = 10.0.40219.1
Project("{8BC9CEB8-8B4A-11D0-8D11-00A0C91BC942}") = "Gravity", "Gravity.vcxproj", "{0D64AB58-392A-46BC-80E4-A02CCE6ED397}"
EndProject
Global
	GlobalSection(SolutionConfigurationPlatforms) = preSolution
		Debug|x64 = Debug|x64
		Debug|x86 = Debug|x86
		Release|x64 = Release|x64
		Release|x86 = Release|x86
	EndGlobalSection
	GlobalSection(ProjectConfigurationPlatforms) = postSolution
		{0D64AB58-392A-46BC-80E4-A02CCE6ED397}.Debug|x64.ActiveCfg = Debug|x64
		{0D64AB58-392A-46BC-80E4-A02CCE6ED397}.Debug|x64.Build.0 = Debug|x64
		{0D64AB58-392A-46BC-80E4-A02CCE6ED397}.Debug|x86.ActiveCfg = Debug|Win32
		{0D64AB58-392A-46BC-80E4-A02CCE6ED397}.Debug|x86.Build.0 = Debug|Win32
		{0D64AB58-392A-46BC-80E4-A02CCE6ED397}.Release|x64.ActiveCfg = Release|x64
		{0D64AB58-392A-46BC-80E4-A02CCE6ED397}.Release|x64.Build.0 = Release|x64
		{0D64AB58-392A-46BC-80E4-A02CCE6ED397}.Release|x86.ActiveCfg = Release|Win32
		{0D64AB58-392A-46BC-80E4-A02CCE6ED397}.Release|x86.Build.0 = Release|Win32
	EndGlobalSection
	GlobalSection(SolutionProperties) = preSolution
		HideSolutionNode = FALSE
	EndGlobalSection
	GlobalSection(ExtensibilityGlobals) = postSolution
		SolutionGuid = {5C772F12-4650-4B41-88B2-DEB0C6FC9548}
	EndGlobalSection
EndGlobal
